
Microsoft Visual Studio Solution File, Format Version 12.00
# Visual Studio Version 16
VisualStudioVersion = 16.0.30907.101
MinimumVisualStudioVersion = 10.0.40219.1
Project("{FAE04EC0-301F-11D3-BF4B-00C04F79EFBC}") = "MyDictionary", "MyDictionary\MyDictionary.csproj", "{0C3CDADB-650E-4FD9-A478-2092AF491D5B}"
EndProject
Global
	GlobalSection(SolutionConfigurationPlatforms) = preSolution
		Debug|Any CPU = Debug|Any CPU
		Release|Any CPU = Release|Any CPU
	EndGlobalSection
	GlobalSection(ProjectConfigurationPlatforms) = postSolution
		{0C3CDADB-650E-4FD9-A478-2092AF491D5B}.Debug|Any CPU.ActiveCfg = Debug|Any CPU
		{0C3CDADB-650E-4FD9-A478-2092AF491D5B}.Debug|Any CPU.Build.0 = Debug|Any CPU
		{0C3CDADB-650E-4FD9-A478-2092AF491D5B}.Release|Any CPU.ActiveCfg = Release|Any CPU
		{0C3CDADB-650E-4FD9-A478-2092AF491D5B}.Release|Any CPU.Build.0 = Release|Any CPU
	EndGlobalSection
	GlobalSection(SolutionProperties) = preSolution
		HideSolutionNode = FALSE
	EndGlobalSection
	GlobalSection(ExtensibilityGlobals) = postSolution
		SolutionGuid = {D3BD1818-F13C-44CA-9348-4D0BEC81356B}
	EndGlobalSection
EndGlobal
